// !$*UTF8*$!
{
	archiveVersion = 1;
	classes = {
	};
	objectVersion = 46;
	objects = {

/* Begin PBXBuildFile section */
		6FE2C69F1B264F34001638E4 /* AppDelegate.swift in Sources */ = {isa = PBXBuildFile; fileRef = 6FE2C69E1B264F34001638E4 /* AppDelegate.swift */; };
		6FE2C6A41B264F34001638E4 /* Main.storyboard in Resources */ = {isa = PBXBuildFile; fileRef = 6FE2C6A21B264F34001638E4 /* Main.storyboard */; };
		6FE2C6A61B264F34001638E4 /* Images.xcassets in Resources */ = {isa = PBXBuildFile; fileRef = 6FE2C6A51B264F34001638E4 /* Images.xcassets */; };
		6FE2C6A91B264F34001638E4 /* LaunchScreen.xib in Resources */ = {isa = PBXBuildFile; fileRef = 6FE2C6A71B264F34001638E4 /* LaunchScreen.xib */; };
		6FE2C6B51B264F34001638E4 /* PseudoTwitterTests.swift in Sources */ = {isa = PBXBuildFile; fileRef = 6FE2C6B41B264F34001638E4 /* PseudoTwitterTests.swift */; };
		6FE2C6BF1B27C4DD001638E4 /* ViewController.swift in Sources */ = {isa = PBXBuildFile; fileRef = 6FE2C6BE1B27C4DD001638E4 /* ViewController.swift */; };
/* End PBXBuildFile section */

/* Begin PBXContainerItemProxy section */
		6FE2C6AF1B264F34001638E4 /* PBXContainerItemProxy */ = {
			isa = PBXContainerItemProxy;
			containerPortal = 6FE2C6911B264F34001638E4 /* Project object */;
			proxyType = 1;
			remoteGlobalIDString = 6FE2C6981B264F34001638E4;
			remoteInfo = PseudoTwitter;
		};
/* End PBXContainerItemProxy section */

/* Begin PBXFileReference section */
		6FE2C6991B264F34001638E4 /* PseudoTwitter.app */ = {isa = PBXFileReference; explicitFileType = wrapper.application; includeInIndex = 0; path = PseudoTwitter.app; sourceTree = BUILT_PRODUCTS_DIR; };
		6FE2C69D1B264F34001638E4 /* Info.plist */ = {isa = PBXFileReference; lastKnownFileType = text.plist.xml; path = Info.plist; sourceTree = "<group>"; };
		6FE2C69E1B264F34001638E4 /* AppDelegate.swift */ = {isa = PBXFileReference; lastKnownFileType = sourcecode.swift; path = AppDelegate.swift; sourceTree = "<group>"; };
		6FE2C6A31B264F34001638E4 /* Base */ = {isa = PBXFileReference; lastKnownFileType = file.storyboard; name = Base; path = Base.lproj/Main.storyboard; sourceTree = "<group>"; };
		6FE2C6A51B264F34001638E4 /* Images.xcassets */ = {isa = PBXFileReference; lastKnownFileType = folder.assetcatalog; path = Images.xcassets; sourceTree = "<group>"; };
		6FE2C6A81B264F34001638E4 /* Base */ = {isa = PBXFileReference; lastKnownFileType = file.xib; name = Base; path = Base.lproj/LaunchScreen.xib; sourceTree = "<group>"; };
		6FE2C6AE1B264F34001638E4 /* PseudoTwitterTests.xctest */ = {isa = PBXFileReference; explicitFileType = wrapper.cfbundle; includeInIndex = 0; path = PseudoTwitterTests.xctest; sourceTree = BUILT_PRODUCTS_DIR; };
		6FE2C6B31B264F34001638E4 /* Info.plist */ = {isa = PBXFileReference; lastKnownFileType = text.plist.xml; path = Info.plist; sourceTree = "<group>"; };
		6FE2C6B41B264F34001638E4 /* PseudoTwitterTests.swift */ = {isa = PBXFileReference; lastKnownFileType = sourcecode.swift; path = PseudoTwitterTests.swift; sourceTree = "<group>"; };
		6FE2C6BE1B27C4DD001638E4 /* ViewController.swift */ = {isa = PBXFileReference; fileEncoding = 4; lastKnownFileType = sourcecode.swift; path = ViewController.swift; sourceTree = "<group>"; };
/* End PBXFileReference section */

/* Begin PBXFrameworksBuildPhase section */
		6FE2C6961B264F34001638E4 /* Frameworks */ = {
			isa = PBXFrameworksBuildPhase;
			buildActionMask = 2147483647;
			files = (
			);
			runOnlyForDeploymentPostprocessing = 0;
		};
		6FE2C6AB1B264F34001638E4 /* Frameworks */ = {
			isa = PBXFrameworksBuildPhase;
			buildActionMask = 2147483647;
			files = (
			);
			runOnlyForDeploymentPostprocessing = 0;
		};
/* End PBXFrameworksBuildPhase section */

/* Begin PBXGroup section */
		6FE2C6901B264F34001638E4 = {
			isa = PBXGroup;
			children = (
				6FE2C69B1B264F34001638E4 /* PseudoTwitter */,
				6FE2C6B11B264F34001638E4 /* PseudoTwitterTests */,
				6FE2C69A1B264F34001638E4 /* Products */,
			);
			sourceTree = "<group>";
		};
		6FE2C69A1B264F34001638E4 /* Products */ = {
			isa = PBXGroup;
			children = (
				6FE2C6991B264F34001638E4 /* PseudoTwitter.app */,
				6FE2C6AE1B264F34001638E4 /* PseudoTwitterTests.xctest */,
			);
			name = Products;
			sourceTree = "<group>";
		};
		6FE2C69B1B264F34001638E4 /* PseudoTwitter */ = {
			isa = PBXGroup;
			children = (
				6FE2C69E1B264F34001638E4 /* AppDelegate.swift */,
				6FE2C6BE1B27C4DD001638E4 /* ViewController.swift */,
				6FE2C6A21B264F34001638E4 /* Main.storyboard */,
				6FE2C6A51B264F34001638E4 /* Images.xcassets */,
				6FE2C6A71B264F34001638E4 /* LaunchScreen.xib */,
				6FE2C69C1B264F34001638E4 /* Supporting Files */,
			);
			path = PseudoTwitter;
			sourceTree = "<group>";
		};
		6FE2C69C1B264F34001638E4 /* Supporting Files */ = {
			isa = PBXGroup;
			children = (
				6FE2C69D1B264F34001638E4 /* Info.plist */,
			);
			name = "Supporting Files";
			sourceTree = "<group>";
		};
		6FE2C6B11B264F34001638E4 /* PseudoTwitterTests */ = {
			isa = PBXGroup;
			children = (
				6FE2C6B41B264F34001638E4 /* PseudoTwitterTests.swift */,
				6FE2C6B21B264F34001638E4 /* Supporting Files */,
			);
			path = PseudoTwitterTests;
			sourceTree = "<group>";
		};
		6FE2C6B21B264F34001638E4 /* Supporting Files */ = {
			isa = PBXGroup;
			children = (
				6FE2C6B31B264F34001638E4 /* Info.plist */,
			);
			name = "Supporting Files";
			sourceTree = "<group>";
		};
/* End PBXGroup section */

/* Begin PBXNativeTarget section */
		6FE2C6981B264F34001638E4 /* PseudoTwitter */ = {
			isa = PBXNativeTarget;
			buildConfigurationList = 6FE2C6B81B264F34001638E4 /* Build configuration list for PBXNativeTarget "PseudoTwitter" */;
			buildPhases = (
				6FE2C6951B264F34001638E4 /* Sources */,
				6FE2C6961B264F34001638E4 /* Frameworks */,
				6FE2C6971B264F34001638E4 /* Resources */,
			);
			buildRules = (
			);
			dependencies = (
			);
			name = PseudoTwitter;
			productName = PseudoTwitter;
			productReference = 6FE2C6991B264F34001638E4 /* PseudoTwitter.app */;
			productType = "com.apple.product-type.application";
		};
		6FE2C6AD1B264F34001638E4 /* PseudoTwitterTests */ = {
			isa = PBXNativeTarget;
			buildConfigurationList = 6FE2C6BB1B264F34001638E4 /* Build configuration list for PBXNativeTarget "PseudoTwitterTests" */;
			buildPhases = (
				6FE2C6AA1B264F34001638E4 /* Sources */,
				6FE2C6AB1B264F34001638E4 /* Frameworks */,
				6FE2C6AC1B264F34001638E4 /* Resources */,
			);
			buildRules = (
			);
			dependencies = (
				6FE2C6B01B264F34001638E4 /* PBXTargetDependency */,
			);
			name = PseudoTwitterTests;
			productName = PseudoTwitterTests;
			productReference = 6FE2C6AE1B264F34001638E4 /* PseudoTwitterTests.xctest */;
			productType = "com.apple.product-type.bundle.unit-test";
		};
/* End PBXNativeTarget section */

/* Begin PBXProject section */
		6FE2C6911B264F34001638E4 /* Project object */ = {
			isa = PBXProject;
			attributes = {
				LastUpgradeCheck = 0630;
				ORGANIZATIONNAME = "___sks6___";
				TargetAttributes = {
					6FE2C6981B264F34001638E4 = {
						CreatedOnToolsVersion = 6.3.2;
					};
					6FE2C6AD1B264F34001638E4 = {
						CreatedOnToolsVersion = 6.3.2;
						TestTargetID = 6FE2C6981B264F34001638E4;
					};
				};
			};
			buildConfigurationList = 6FE2C6941B264F34001638E4 /* Build configuration list for PBXProject "PseudoTwitter" */;
			compatibilityVersion = "Xcode 3.2";
			developmentRegion = English;
			hasScannedForEncodings = 0;
			knownRegions = (
				en,
				Base,
			);
			mainGroup = 6FE2C6901B264F34001638E4;
			productRefGroup = 6FE2C69A1B264F34001638E4 /* Products */;
			projectDirPath = "";
			projectRoot = "";
			targets = (
				6FE2C6981B264F34001638E4 /* PseudoTwitter */,
				6FE2C6AD1B264F34001638E4 /* PseudoTwitterTests */,
			);
		};
/* End PBXProject section */

/* Begin PBXResourcesBuildPhase section */
		6FE2C6971B264F34001638E4 /* Resources */ = {
			isa = PBXResourcesBuildPhase;
			buildActionMask = 2147483647;
			files = (
				6FE2C6A41B264F34001638E4 /* Main.storyboard in Resources */,
				6FE2C6A91B264F34001638E4 /* LaunchScreen.xib in Resources */,
				6FE2C6A61B264F34001638E4 /* Images.xcassets in Resources */,
			);
			runOnlyForDeploymentPostprocessing = 0;
		};
		6FE2C6AC1B264F34001638E4 /* Resources */ = {
			isa = PBXResourcesBuildPhase;
			buildActionMask = 2147483647;
			files = (
			);
			runOnlyForDeploymentPostprocessing = 0;
		};
/* End PBXResourcesBuildPhase section */

/* Begin PBXSourcesBuildPhase section */
		6FE2C6951B264F34001638E4 /* Sources */ = {
			isa = PBXSourcesBuildPhase;
			buildActionMask = 2147483647;
			files = (
				6FE2C6BF1B27C4DD001638E4 /* ViewController.swift in Sources */,
				6FE2C69F1B264F34001638E4 /* AppDelegate.swift in Sources */,
			);
			runOnlyForDeploymentPostprocessing = 0;
		};
		6FE2C6AA1B264F34001638E4 /* Sources */ = {
			isa = PBXSourcesBuildPhase;
			buildActionMask = 2147483647;
			files = (
				6FE2C6B51B264F34001638E4 /* PseudoTwitterTests.swift in Sources */,
			);
			runOnlyForDeploymentPostprocessing = 0;
		};
/* End PBXSourcesBuildPhase section */

/* Begin PBXTargetDependency section */
		6FE2C6B01B264F34001638E4 /* PBXTargetDependency */ = {
			isa = PBXTargetDependency;
			target = 6FE2C6981B264F34001638E4 /* PseudoTwitter */;
			targetProxy = 6FE2C6AF1B264F34001638E4 /* PBXContainerItemProxy */;
		};
/* End PBXTargetDependency section */

/* Begin PBXVariantGroup section */
		6FE2C6A21B264F34001638E4 /* Main.storyboard */ = {
			isa = PBXVariantGroup;
			children = (
				6FE2C6A31B264F34001638E4 /* Base */,
			);
			name = Main.storyboard;
			sourceTree = "<group>";
		};
		6FE2C6A71B264F34001638E4 /* LaunchScreen.xib */ = {
			isa = PBXVariantGroup;
			children = (
				6FE2C6A81B264F34001638E4 /* Base */,
			);
			name = LaunchScreen.xib;
			sourceTree = "<group>";
		};
/* End PBXVariantGroup section */

/* Begin XCBuildConfiguration section */
		6FE2C6B61B264F34001638E4 /* Debug */ = {
			isa = XCBuildConfiguration;
			buildSettings = {
				ALWAYS_SEARCH_USER_PATHS = NO;
				CLANG_CXX_LANGUAGE_STANDARD = "gnu++0x";
				CLANG_CXX_LIBRARY = "libc++";
				CLANG_ENABLE_MODULES = YES;
				CLANG_ENABLE_OBJC_ARC = YES;
				CLANG_WARN_BOOL_CONVERSION = YES;
				CLANG_WARN_CONSTANT_CONVERSION = YES;
				CLANG_WARN_DIRECT_OBJC_ISA_USAGE = YES_ERROR;
				CLANG_WARN_EMPTY_BODY = YES;
				CLANG_WARN_ENUM_CONVERSION = YES;
				CLANG_WARN_INT_CONVERSION = YES;
				CLANG_WARN_OBJC_ROOT_CLASS = YES_ERROR;
				CLANG_WARN_UNREACHABLE_CODE = YES;
				CLANG_WARN__DUPLICATE_METHOD_MATCH = YES;
				"CODE_SIGN_IDENTITY[sdk=iphoneos*]" = "iPhone Developer";
				COPY_PHASE_STRIP = NO;
				DEBUG_INFORMATION_FORMAT = "dwarf-with-dsym";
				ENABLE_STRICT_OBJC_MSGSEND = YES;
				GCC_C_LANGUAGE_STANDARD = gnu99;
				GCC_DYNAMIC_NO_PIC = NO;
				GCC_NO_COMMON_BLOCKS = YES;
				GCC_OPTIMIZATION_LEVEL = 0;
				GCC_PREPROCESSOR_DEFINITIONS = (
					"DEBUG=1",
					"$(inherited)",
				);
				GCC_SYMBOLS_PRIVATE_EXTERN = NO;
				GCC_WARN_64_TO_32_BIT_CONVERSION = YES;
				GCC_WARN_ABOUT_RETURN_TYPE = YES_ERROR;
				GCC_WARN_UNDECLARED_SELECTOR = YES;
				GCC_WARN_UNINITIALIZED_AUTOS = YES_AGGRESSIVE;
				GCC_WARN_UNUSED_FUNCTION = YES;
				GCC_WARN_UNUSED_VARIABLE = YES;
				IPHONEOS_DEPLOYMENT_TARGET = 8.3;
				MTL_ENABLE_DEBUG_INFO = YES;
				ONLY_ACTIVE_ARCH = YES;
				SDKROOT = iphoneos;
				SWIFT_OPTIMIZATION_LEVEL = "-Onone";
			};
			name = Debug;
		};
		6FE2C6B71B264F34001638E4 /* Release */ = {
			isa = XCBuildConfiguration;
			buildSettings = {
				ALWAYS_SEARCH_USER_PATHS = NO;
				CLANG_CXX_LANGUAGE_STANDARD = "gnu++0x";
				CLANG_CXX_LIBRARY = "libc++";
				CLANG_ENABLE_MODULES = YES;
				CLANG_ENABLE_OBJC_ARC = YES;
				CLANG_WARN_BOOL_CONVERSION = YES;
				CLANG_WARN_CONSTANT_CONVERSION = YES;
				CLANG_WARN_DIRECT_OBJC_ISA_USAGE = YES_ERROR;
				CLANG_WARN_EMPTY_BODY = YES;
				CLANG_WARN_ENUM_CONVERSION = YES;
				CLANG_WARN_INT_CONVERSION = YES;
				CLANG_WARN_OBJC_ROOT_CLASS = YES_ERROR;
				CLANG_WARN_UNREACHABLE_CODE = YES;
				CLANG_WARN__DUPLICATE_METHOD_MATCH = YES;
				"CODE_SIGN_IDENTITY[sdk=iphoneos*]" = "iPhone Developer";
				COPY_PHASE_STRIP = NO;
				DEBUG_INFORMATION_FORMAT = "dwarf-with-dsym";
				ENABLE_NS_ASSERTIONS = NO;
				ENABLE_STRICT_OBJC_MSGSEND = YES;
				GCC_C_LANGUAGE_STANDARD = gnu99;
				GCC_NO_COMMON_BLOCKS = YES;
				GCC_WARN_64_TO_32_BIT_CONVERSION = YES;
				GCC_WARN_ABOUT_RETURN_TYPE = YES_ERROR;
				GCC_WARN_UNDECLARED_SELECTOR = YES;
				GCC_WARN_UNINITIALIZED_AUTOS = YES_AGGRESSIVE;
				GCC_WARN_UNUSED_FUNCTION = YES;
				GCC_WARN_UNUSED_VARIABLE = YES;
				IPHONEOS_DEPLOYMENT_TARGET = 8.3;
				MTL_ENABLE_DEBUG_INFO = NO;
				SDKROOT = iphoneos;
				VALIDATE_PRODUCT = YES;
			};
			name = Release;
		};
		6FE2C6B91B264F34001638E4 /* Debug */ = {
			isa = XCBuildConfiguration;
			buildSettings = {
				ASSETCATALOG_COMPILER_APPICON_NAME = AppIcon;
				INFOPLIST_FILE = PseudoTwitter/Info.plist;
				LD_RUNPATH_SEARCH_PATHS = "$(inherited) @executable_path/Frameworks";
				PRODUCT_NAME = "$(TARGET_NAME)";
			};
			name = Debug;
		};
		6FE2C6BA1B264F34001638E4 /* Release */ = {
			isa = XCBuildConfiguration;
			buildSettings = {
				ASSETCATALOG_COMPILER_APPICON_NAME = AppIcon;
				INFOPLIST_FILE = PseudoTwitter/Info.plist;
				LD_RUNPATH_SEARCH_PATHS = "$(inherited) @executable_path/Frameworks";
				PRODUCT_NAME = "$(TARGET_NAME)";
			};
			name = Release;
		};
		6FE2C6BC1B264F34001638E4 /* Debug */ = {
			isa = XCBuildConfiguration;
			buildSettings = {
				BUNDLE_LOADER = "$(TEST_HOST)";
				FRAMEWORK_SEARCH_PATHS = (
					"$(SDKROOT)/Developer/Library/Frameworks",
					"$(inherited)",
				);
				GCC_PREPROCESSOR_DEFINITIONS = (
					"DEBUG=1",
					"$(inherited)",
				);
				INFOPLIST_FILE = PseudoTwitterTests/Info.plist;
				LD_RUNPATH_SEARCH_PATHS = "$(inherited) @executable_path/Frameworks @loader_path/Frameworks";
				PRODUCT_NAME = "$(TARGET_NAME)";
				TEST_HOST = "$(BUILT_PRODUCTS_DIR)/PseudoTwitter.app/PseudoTwitter";
			};
			name = Debug;
		};
		6FE2C6BD1B264F34001638E4 /* Release */ = {
			isa = XCBuildConfiguration;
			buildSettings = {
				BUNDLE_LOADER = "$(TEST_HOST)";
				FRAMEWORK_SEARCH_PATHS = (
					"$(SDKROOT)/Developer/Library/Frameworks",
					"$(inherited)",
				);
				INFOPLIST_FILE = PseudoTwitterTests/Info.plist;
				LD_RUNPATH_SEARCH_PATHS = "$(inherited) @executable_path/Frameworks @loader_path/Frameworks";
				PRODUCT_NAME = "$(TARGET_NAME)";
				TEST_HOST = "$(BUILT_PRODUCTS_DIR)/PseudoTwitter.app/PseudoTwitter";
			};
			name = Release;
		};
/* End XCBuildConfiguration section */

/* Begin XCConfigurationList section */
		6FE2C6941B264F34001638E4 /* Build configuration list for PBXProject "PseudoTwitter" */ = {
			isa = XCConfigurationList;
			buildConfigurations = (
				6FE2C6B61B264F34001638E4 /* Debug */,
				6FE2C6B71B264F34001638E4 /* Release */,
			);
			defaultConfigurationIsVisible = 0;
			defaultConfigurationName = Release;
		};
		6FE2C6B81B264F34001638E4 /* Build configuration list for PBXNativeTarget "PseudoTwitter" */ = {
			isa = XCConfigurationList;
			buildConfigurations = (
				6FE2C6B91B264F34001638E4 /* Debug */,
				6FE2C6BA1B264F34001638E4 /* Release */,
			);
			defaultConfigurationIsVisible = 0;
		};
		6FE2C6BB1B264F34001638E4 /* Build configuration list for PBXNativeTarget "PseudoTwitterTests" */ = {
			isa = XCConfigurationList;
			buildConfigurations = (
				6FE2C6BC1B264F34001638E4 /* Debug */,
				6FE2C6BD1B264F34001638E4 /* Release */,
			);
			defaultConfigurationIsVisible = 0;
		};
/* End XCConfigurationList section */
	};
	rootObject = 6FE2C6911B264F34001638E4 /* Project object */;
}
